
Microsoft Visual Studio Solution File, Format Version 12.00
# Visual Studio Version 17
VisualStudioVersion = 17.10.35013.160
MinimumVisualStudioVersion = 10.0.40219.1
Project("{8BC9CEB8-8B4A-11D0-8D11-00A0C91BC942}") = "Pong Game", "Pong Game\Pong Game.vcxproj", "{3F2E2F2B-2B9D-490F-9B2D-386895C53B3B}"
EndProject
Project("{2150E333-8FDC-42A3-9474-1A3956D46DE8}") = "Solution Items", "Solution Items", "{B8A0D452-6BCC-4770-B1A7-342DF0C9A75F}"
EndProject
Global
	GlobalSection(SolutionConfigurationPlatforms) = preSolution
		Debug|x64 = Debug|x64
		Debug|x86 = Debug|x86
		Release|x64 = Release|x64
		Release|x86 = Release|x86
	EndGlobalSection
	GlobalSection(ProjectConfigurationPlatforms) = postSolution
		{3F2E2F2B-2B9D-490F-9B2D-386895C53B3B}.Debug|x64.ActiveCfg = Debug|x64
		{3F2E2F2B-2B9D-490F-9B2D-386895C53B3B}.Debug|x64.Build.0 = Debug|x64
		{3F2E2F2B-2B9D-490F-9B2D-386895C53B3B}.Debug|x86.ActiveCfg = Debug|Win32
		{3F2E2F2B-2B9D-490F-9B2D-386895C53B3B}.Debug|x86.Build.0 = Debug|Win32
		{3F2E2F2B-2B9D-490F-9B2D-386895C53B3B}.Release|x64.ActiveCfg = Release|x64
		{3F2E2F2B-2B9D-490F-9B2D-386895C53B3B}.Release|x64.Build.0 = Release|x64
		{3F2E2F2B-2B9D-490F-9B2D-386895C53B3B}.Release|x86.ActiveCfg = Release|Win32
		{3F2E2F2B-2B9D-490F-9B2D-386895C53B3B}.Release|x86.Build.0 = Release|Win32
	EndGlobalSection
	GlobalSection(SolutionProperties) = preSolution
		HideSolutionNode = FALSE
	EndGlobalSection
	GlobalSection(ExtensibilityGlobals) = postSolution
		SolutionGuid = {03F1ECC3-8EAB-4DD5-8315-01D9CE21F96D}
	EndGlobalSection
EndGlobal
